
Microsoft Visual Studio Solution File, Format Version 12.00
# Visual Studio Version 17
VisualStudioVersion = 17.4.33122.133
MinimumVisualStudioVersion = 10.0.40219.1
Project("{FAE04EC0-301F-11D3-BF4B-00C04F79EFBC}") = "Seyahat_Acentesi_Otomasyonu", "Seyahat_Acentesi_Otomasyonu.csproj", "{ACC70E30-ECA3-4E18-8D77-D201830245EE}"
EndProject
Project("{FAE04EC0-301F-11D3-BF4B-00C04F79EFBC}") = "Model", "Model\Model.csproj", "{A903EB7D-4D9D-4724-9DCD-71A7765D676B}"
EndProject
Project("{FAE04EC0-301F-11D3-BF4B-00C04F79EFBC}") = "Controller", "Controller\Controller.csproj", "{C4AF7523-9D3E-4B72-AD9F-8EDA271E803B}"
EndProject
Global
	GlobalSection(SolutionConfigurationPlatforms) = preSolution
		Debug|Any CPU = Debug|Any CPU
		Release|Any CPU = Release|Any CPU
	EndGlobalSection
	GlobalSection(ProjectConfigurationPlatforms) = postSolution
		{ACC70E30-ECA3-4E18-8D77-D201830245EE}.Debug|Any CPU.ActiveCfg = Debug|Any CPU
		{ACC70E30-ECA3-4E18-8D77-D201830245EE}.Debug|Any CPU.Build.0 = Debug|Any CPU
		{ACC70E30-ECA3-4E18-8D77-D201830245EE}.Release|Any CPU.ActiveCfg = Release|Any CPU
		{ACC70E30-ECA3-4E18-8D77-D201830245EE}.Release|Any CPU.Build.0 = Release|Any CPU
		{A903EB7D-4D9D-4724-9DCD-71A7765D676B}.Debug|Any CPU.ActiveCfg = Debug|Any CPU
		{A903EB7D-4D9D-4724-9DCD-71A7765D676B}.Debug|Any CPU.Build.0 = Debug|Any CPU
		{A903EB7D-4D9D-4724-9DCD-71A7765D676B}.Release|Any CPU.ActiveCfg = Release|Any CPU
		{A903EB7D-4D9D-4724-9DCD-71A7765D676B}.Release|Any CPU.Build.0 = Release|Any CPU
		{C4AF7523-9D3E-4B72-AD9F-8EDA271E803B}.Debug|Any CPU.ActiveCfg = Debug|Any CPU
		{C4AF7523-9D3E-4B72-AD9F-8EDA271E803B}.Debug|Any CPU.Build.0 = Debug|Any CPU
		{C4AF7523-9D3E-4B72-AD9F-8EDA271E803B}.Release|Any CPU.ActiveCfg = Release|Any CPU
		{C4AF7523-9D3E-4B72-AD9F-8EDA271E803B}.Release|Any CPU.Build.0 = Release|Any CPU
	EndGlobalSection
	GlobalSection(SolutionProperties) = preSolution
		HideSolutionNode = FALSE
	EndGlobalSection
	GlobalSection(ExtensibilityGlobals) = postSolution
		SolutionGuid = {4E909B69-2D76-493C-AF43-D46261C90C20}
	EndGlobalSection
EndGlobal
